
Microsoft Visual Studio Solution File, Format Version 12.00
# Visual Studio Version 17
VisualStudioVersion = 17.7.34031.279
MinimumVisualStudioVersion = 10.0.40219.1
Project("{9A19103F-16F7-4668-BE54-9A1E7A4F7556}") = "DvdApi", "DvdApi\DvdApi.csproj", "{4A261E14-45A0-4CD2-AB62-C6048309DBD4}"
EndProject
Project("{FAE04EC0-301F-11D3-BF4B-00C04F79EFBC}") = "TestDvdApi", "TestDvdApi\TestDvdApi.csproj", "{A6104D33-4D4E-430E-88DE-E300AA192C48}"
EndProject
Global
	GlobalSection(SolutionConfigurationPlatforms) = preSolution
		Debug|Any CPU = Debug|Any CPU
		Release|Any CPU = Release|Any CPU
	EndGlobalSection
	GlobalSection(ProjectConfigurationPlatforms) = postSolution
		{4A261E14-45A0-4CD2-AB62-C6048309DBD4}.Debug|Any CPU.ActiveCfg = Debug|Any CPU
		{4A261E14-45A0-4CD2-AB62-C6048309DBD4}.Debug|Any CPU.Build.0 = Debug|Any CPU
		{4A261E14-45A0-4CD2-AB62-C6048309DBD4}.Release|Any CPU.ActiveCfg = Release|Any CPU
		{4A261E14-45A0-4CD2-AB62-C6048309DBD4}.Release|Any CPU.Build.0 = Release|Any CPU
		{A6104D33-4D4E-430E-88DE-E300AA192C48}.Debug|Any CPU.ActiveCfg = Debug|Any CPU
		{A6104D33-4D4E-430E-88DE-E300AA192C48}.Debug|Any CPU.Build.0 = Debug|Any CPU
		{A6104D33-4D4E-430E-88DE-E300AA192C48}.Release|Any CPU.ActiveCfg = Release|Any CPU
		{A6104D33-4D4E-430E-88DE-E300AA192C48}.Release|Any CPU.Build.0 = Release|Any CPU
	EndGlobalSection
	GlobalSection(SolutionProperties) = preSolution
		HideSolutionNode = FALSE
	EndGlobalSection
	GlobalSection(ExtensibilityGlobals) = postSolution
		SolutionGuid = {FB403645-762E-4881-AF0B-A4DC70954C7E}
	EndGlobalSection
EndGlobal
